
Microsoft Visual Studio Solution File, Format Version 12.00
# Visual Studio 15
VisualStudioVersion = 15.0.27428.2002
MinimumVisualStudioVersion = 10.0.40219.1
Project("{FAE04EC0-301F-11D3-BF4B-00C04F79EFBC}") = "AzureAuthDemo", "AzureAuthDemo\AzureAuthDemo.csproj", "{DD097C43-934E-487E-A692-908936B86456}"
EndProject
Project("{FAE04EC0-301F-11D3-BF4B-00C04F79EFBC}") = "AzureAuthDemo.ManualTokenHandling", "AzureAuthDemo.ManualTokenHandling\AzureAuthDemo.ManualTokenHandling.csproj", "{9E573FB9-CE85-4E26-9F73-A5A052B3DDE8}"
EndProject
Project("{FAE04EC0-301F-11D3-BF4B-00C04F79EFBC}") = "AzureAuthDemo.Adal", "AzureAuthDemo.Adal\AzureAuthDemo.Adal.csproj", "{2DEA1442-86C8-4F4F-AD33-9448B8558B18}"
EndProject
Project("{FAE04EC0-301F-11D3-BF4B-00C04F79EFBC}") = "AzureAuthDemo.Msal", "AzureAuthDemo.Msal\AzureAuthDemo.Msal.csproj", "{168A7791-E9EE-4F21-80F0-687915077E1A}"
EndProject
Project("{FAE04EC0-301F-11D3-BF4B-00C04F79EFBC}") = "AzureAuthDemo.CSOM", "AzureAuthDemo.CSOM\AzureAuthDemo.CSOM.csproj", "{6CCAE362-20A7-42F1-843F-38D6419B7B22}"
EndProject
Global
	GlobalSection(SolutionConfigurationPlatforms) = preSolution
		Debug|Any CPU = Debug|Any CPU
		Release|Any CPU = Release|Any CPU
	EndGlobalSection
	GlobalSection(ProjectConfigurationPlatforms) = postSolution
		{DD097C43-934E-487E-A692-908936B86456}.Debug|Any CPU.ActiveCfg = Debug|Any CPU
		{DD097C43-934E-487E-A692-908936B86456}.Debug|Any CPU.Build.0 = Debug|Any CPU
		{DD097C43-934E-487E-A692-908936B86456}.Release|Any CPU.ActiveCfg = Release|Any CPU
		{DD097C43-934E-487E-A692-908936B86456}.Release|Any CPU.Build.0 = Release|Any CPU
		{9E573FB9-CE85-4E26-9F73-A5A052B3DDE8}.Debug|Any CPU.ActiveCfg = Debug|Any CPU
		{9E573FB9-CE85-4E26-9F73-A5A052B3DDE8}.Debug|Any CPU.Build.0 = Debug|Any CPU
		{9E573FB9-CE85-4E26-9F73-A5A052B3DDE8}.Release|Any CPU.ActiveCfg = Release|Any CPU
		{9E573FB9-CE85-4E26-9F73-A5A052B3DDE8}.Release|Any CPU.Build.0 = Release|Any CPU
		{2DEA1442-86C8-4F4F-AD33-9448B8558B18}.Debug|Any CPU.ActiveCfg = Debug|Any CPU
		{2DEA1442-86C8-4F4F-AD33-9448B8558B18}.Debug|Any CPU.Build.0 = Debug|Any CPU
		{2DEA1442-86C8-4F4F-AD33-9448B8558B18}.Release|Any CPU.ActiveCfg = Release|Any CPU
		{2DEA1442-86C8-4F4F-AD33-9448B8558B18}.Release|Any CPU.Build.0 = Release|Any CPU
		{168A7791-E9EE-4F21-80F0-687915077E1A}.Debug|Any CPU.ActiveCfg = Debug|Any CPU
		{168A7791-E9EE-4F21-80F0-687915077E1A}.Debug|Any CPU.Build.0 = Debug|Any CPU
		{168A7791-E9EE-4F21-80F0-687915077E1A}.Release|Any CPU.ActiveCfg = Release|Any CPU
		{168A7791-E9EE-4F21-80F0-687915077E1A}.Release|Any CPU.Build.0 = Release|Any CPU
		{6CCAE362-20A7-42F1-843F-38D6419B7B22}.Debug|Any CPU.ActiveCfg = Debug|Any CPU
		{6CCAE362-20A7-42F1-843F-38D6419B7B22}.Debug|Any CPU.Build.0 = Debug|Any CPU
		{6CCAE362-20A7-42F1-843F-38D6419B7B22}.Release|Any CPU.ActiveCfg = Release|Any CPU
		{6CCAE362-20A7-42F1-843F-38D6419B7B22}.Release|Any CPU.Build.0 = Release|Any CPU
	EndGlobalSection
	GlobalSection(SolutionProperties) = preSolution
		HideSolutionNode = FALSE
	EndGlobalSection
	GlobalSection(ExtensibilityGlobals) = postSolution
		SolutionGuid = {782F8107-70A3-4455-A656-135672430C5A}
	EndGlobalSection
EndGlobal
